// !$*UTF8*$!
{
	archiveVersion = 1;
	classes = {
	};
	objectVersion = 50;
	objects = {

/* Begin PBXBuildFile section */
		2EC137FD258BA13400BE1F5B /* AppDelegate.swift in Sources */ = {isa = PBXBuildFile; fileRef = 2EC137FC258BA13400BE1F5B /* AppDelegate.swift */; };
		2EC137FF258BA13400BE1F5B /* SceneDelegate.swift in Sources */ = {isa = PBXBuildFile; fileRef = 2EC137FE258BA13400BE1F5B /* SceneDelegate.swift */; };
		2EC13801258BA13400BE1F5B /* ViewController.swift in Sources */ = {isa = PBXBuildFile; fileRef = 2EC13800258BA13400BE1F5B /* ViewController.swift */; };
		2EC13804258BA13400BE1F5B /* Main.storyboard in Resources */ = {isa = PBXBuildFile; fileRef = 2EC13802258BA13400BE1F5B /* Main.storyboard */; };
		2EC13806258BA13500BE1F5B /* Assets.xcassets in Resources */ = {isa = PBXBuildFile; fileRef = 2EC13805258BA13500BE1F5B /* Assets.xcassets */; };
		2EC13809258BA13500BE1F5B /* LaunchScreen.storyboard in Resources */ = {isa = PBXBuildFile; fileRef = 2EC13807258BA13500BE1F5B /* LaunchScreen.storyboard */; };
		2EC13814258BA13600BE1F5B /* Tic_Tac_Toe_IOSTests.swift in Sources */ = {isa = PBXBuildFile; fileRef = 2EC13813258BA13600BE1F5B /* Tic_Tac_Toe_IOSTests.swift */; };
		2EC1381F258BA13600BE1F5B /* Tic_Tac_Toe_IOSUITests.swift in Sources */ = {isa = PBXBuildFile; fileRef = 2EC1381E258BA13600BE1F5B /* Tic_Tac_Toe_IOSUITests.swift */; };
		2EC13838258CBB4C00BE1F5B /* GameViewControllers.swift in Sources */ = {isa = PBXBuildFile; fileRef = 2EC13837258CBB4C00BE1F5B /* GameViewControllers.swift */; };
		2EC1385525A36F1900BE1F5B /* GameViewController1.swift in Sources */ = {isa = PBXBuildFile; fileRef = 2EC1385425A36F1900BE1F5B /* GameViewController1.swift */; };
/* End PBXBuildFile section */

/* Begin PBXContainerItemProxy section */
		2EC13810258BA13600BE1F5B /* PBXContainerItemProxy */ = {
			isa = PBXContainerItemProxy;
			containerPortal = 2EC137F1258BA13400BE1F5B /* Project object */;
			proxyType = 1;
			remoteGlobalIDString = 2EC137F8258BA13400BE1F5B;
			remoteInfo = "Tic-Tac-Toe-IOS";
		};
		2EC1381B258BA13600BE1F5B /* PBXContainerItemProxy */ = {
			isa = PBXContainerItemProxy;
			containerPortal = 2EC137F1258BA13400BE1F5B /* Project object */;
			proxyType = 1;
			remoteGlobalIDString = 2EC137F8258BA13400BE1F5B;
			remoteInfo = "Tic-Tac-Toe-IOS";
		};
/* End PBXContainerItemProxy section */

/* Begin PBXFileReference section */
		2EC137F9258BA13400BE1F5B /* Tic-Tac-Toe-IOS.app */ = {isa = PBXFileReference; explicitFileType = wrapper.application; includeInIndex = 0; path = "Tic-Tac-Toe-IOS.app"; sourceTree = BUILT_PRODUCTS_DIR; };
		2EC137FC258BA13400BE1F5B /* AppDelegate.swift */ = {isa = PBXFileReference; lastKnownFileType = sourcecode.swift; path = AppDelegate.swift; sourceTree = "<group>"; };
		2EC137FE258BA13400BE1F5B /* SceneDelegate.swift */ = {isa = PBXFileReference; lastKnownFileType = sourcecode.swift; path = SceneDelegate.swift; sourceTree = "<group>"; };
		2EC13800258BA13400BE1F5B /* ViewController.swift */ = {isa = PBXFileReference; lastKnownFileType = sourcecode.swift; path = ViewController.swift; sourceTree = "<group>"; };
		2EC13803258BA13400BE1F5B /* Base */ = {isa = PBXFileReference; lastKnownFileType = file.storyboard; name = Base; path = Base.lproj/Main.storyboard; sourceTree = "<group>"; };
		2EC13805258BA13500BE1F5B /* Assets.xcassets */ = {isa = PBXFileReference; lastKnownFileType = folder.assetcatalog; path = Assets.xcassets; sourceTree = "<group>"; };
		2EC13808258BA13500BE1F5B /* Base */ = {isa = PBXFileReference; lastKnownFileType = file.storyboard; name = Base; path = Base.lproj/LaunchScreen.storyboard; sourceTree = "<group>"; };
		2EC1380A258BA13500BE1F5B /* Info.plist */ = {isa = PBXFileReference; lastKnownFileType = text.plist.xml; path = Info.plist; sourceTree = "<group>"; };
		2EC1380F258BA13600BE1F5B /* Tic-Tac-Toe-IOSTests.xctest */ = {isa = PBXFileReference; explicitFileType = wrapper.cfbundle; includeInIndex = 0; path = "Tic-Tac-Toe-IOSTests.xctest"; sourceTree = BUILT_PRODUCTS_DIR; };
		2EC13813258BA13600BE1F5B /* Tic_Tac_Toe_IOSTests.swift */ = {isa = PBXFileReference; lastKnownFileType = sourcecode.swift; path = Tic_Tac_Toe_IOSTests.swift; sourceTree = "<group>"; };
		2EC13815258BA13600BE1F5B /* Info.plist */ = {isa = PBXFileReference; lastKnownFileType = text.plist.xml; path = Info.plist; sourceTree = "<group>"; };
		2EC1381A258BA13600BE1F5B /* Tic-Tac-Toe-IOSUITests.xctest */ = {isa = PBXFileReference; explicitFileType = wrapper.cfbundle; includeInIndex = 0; path = "Tic-Tac-Toe-IOSUITests.xctest"; sourceTree = BUILT_PRODUCTS_DIR; };
		2EC1381E258BA13600BE1F5B /* Tic_Tac_Toe_IOSUITests.swift */ = {isa = PBXFileReference; lastKnownFileType = sourcecode.swift; path = Tic_Tac_Toe_IOSUITests.swift; sourceTree = "<group>"; };
		2EC13820258BA13600BE1F5B /* Info.plist */ = {isa = PBXFileReference; lastKnownFileType = text.plist.xml; path = Info.plist; sourceTree = "<group>"; };
		2EC13837258CBB4C00BE1F5B /* GameViewControllers.swift */ = {isa = PBXFileReference; lastKnownFileType = sourcecode.swift; path = GameViewControllers.swift; sourceTree = "<group>"; };
		2EC1385425A36F1900BE1F5B /* GameViewController1.swift */ = {isa = PBXFileReference; lastKnownFileType = sourcecode.swift; path = GameViewController1.swift; sourceTree = "<group>"; };
/* End PBXFileReference section */

/* Begin PBXFrameworksBuildPhase section */
		2EC137F6258BA13400BE1F5B /* Frameworks */ = {
			isa = PBXFrameworksBuildPhase;
			buildActionMask = 2147483647;
			files = (
			);
			runOnlyForDeploymentPostprocessing = 0;
		};
		2EC1380C258BA13600BE1F5B /* Frameworks */ = {
			isa = PBXFrameworksBuildPhase;
			buildActionMask = 2147483647;
			files = (
			);
			runOnlyForDeploymentPostprocessing = 0;
		};
		2EC13817258BA13600BE1F5B /* Frameworks */ = {
			isa = PBXFrameworksBuildPhase;
			buildActionMask = 2147483647;
			files = (
			);
			runOnlyForDeploymentPostprocessing = 0;
		};
/* End PBXFrameworksBuildPhase section */

/* Begin PBXGroup section */
		2EC137F0258BA13400BE1F5B = {
			isa = PBXGroup;
			children = (
				2EC137FB258BA13400BE1F5B /* Tic-Tac-Toe-IOS */,
				2EC13812258BA13600BE1F5B /* Tic-Tac-Toe-IOSTests */,
				2EC1381D258BA13600BE1F5B /* Tic-Tac-Toe-IOSUITests */,
				2EC137FA258BA13400BE1F5B /* Products */,
			);
			sourceTree = "<group>";
		};
		2EC137FA258BA13400BE1F5B /* Products */ = {
			isa = PBXGroup;
			children = (
				2EC137F9258BA13400BE1F5B /* Tic-Tac-Toe-IOS.app */,
				2EC1380F258BA13600BE1F5B /* Tic-Tac-Toe-IOSTests.xctest */,
				2EC1381A258BA13600BE1F5B /* Tic-Tac-Toe-IOSUITests.xctest */,
			);
			name = Products;
			sourceTree = "<group>";
		};
		2EC137FB258BA13400BE1F5B /* Tic-Tac-Toe-IOS */ = {
			isa = PBXGroup;
			children = (
				2EC137FC258BA13400BE1F5B /* AppDelegate.swift */,
				2EC137FE258BA13400BE1F5B /* SceneDelegate.swift */,
				2EC13800258BA13400BE1F5B /* ViewController.swift */,
				2EC13837258CBB4C00BE1F5B /* GameViewControllers.swift */,
				2EC1385425A36F1900BE1F5B /* GameViewController1.swift */,
				2EC13802258BA13400BE1F5B /* Main.storyboard */,
				2EC13805258BA13500BE1F5B /* Assets.xcassets */,
				2EC13807258BA13500BE1F5B /* LaunchScreen.storyboard */,
				2EC1380A258BA13500BE1F5B /* Info.plist */,
			);
			path = "Tic-Tac-Toe-IOS";
			sourceTree = "<group>";
		};
		2EC13812258BA13600BE1F5B /* Tic-Tac-Toe-IOSTests */ = {
			isa = PBXGroup;
			children = (
				2EC13813258BA13600BE1F5B /* Tic_Tac_Toe_IOSTests.swift */,
				2EC13815258BA13600BE1F5B /* Info.plist */,
			);
			path = "Tic-Tac-Toe-IOSTests";
			sourceTree = "<group>";
		};
		2EC1381D258BA13600BE1F5B /* Tic-Tac-Toe-IOSUITests */ = {
			isa = PBXGroup;
			children = (
				2EC1381E258BA13600BE1F5B /* Tic_Tac_Toe_IOSUITests.swift */,
				2EC13820258BA13600BE1F5B /* Info.plist */,
			);
			path = "Tic-Tac-Toe-IOSUITests";
			sourceTree = "<group>";
		};
/* End PBXGroup section */

/* Begin PBXNativeTarget section */
		2EC137F8258BA13400BE1F5B /* Tic-Tac-Toe-IOS */ = {
			isa = PBXNativeTarget;
			buildConfigurationList = 2EC13823258BA13600BE1F5B /* Build configuration list for PBXNativeTarget "Tic-Tac-Toe-IOS" */;
			buildPhases = (
				2EC137F5258BA13400BE1F5B /* Sources */,
				2EC137F6258BA13400BE1F5B /* Frameworks */,
				2EC137F7258BA13400BE1F5B /* Resources */,
			);
			buildRules = (
			);
			dependencies = (
			);
			name = "Tic-Tac-Toe-IOS";
			productName = "Tic-Tac-Toe-IOS";
			productReference = 2EC137F9258BA13400BE1F5B /* Tic-Tac-Toe-IOS.app */;
			productType = "com.apple.product-type.application";
		};
		2EC1380E258BA13600BE1F5B /* Tic-Tac-Toe-IOSTests */ = {
			isa = PBXNativeTarget;
			buildConfigurationList = 2EC13826258BA13600BE1F5B /* Build configuration list for PBXNativeTarget "Tic-Tac-Toe-IOSTests" */;
			buildPhases = (
				2EC1380B258BA13600BE1F5B /* Sources */,
				2EC1380C258BA13600BE1F5B /* Frameworks */,
				2EC1380D258BA13600BE1F5B /* Resources */,
			);
			buildRules = (
			);
			dependencies = (
				2EC13811258BA13600BE1F5B /* PBXTargetDependency */,
			);
			name = "Tic-Tac-Toe-IOSTests";
			productName = "Tic-Tac-Toe-IOSTests";
			productReference = 2EC1380F258BA13600BE1F5B /* Tic-Tac-Toe-IOSTests.xctest */;
			productType = "com.apple.product-type.bundle.unit-test";
		};
		2EC13819258BA13600BE1F5B /* Tic-Tac-Toe-IOSUITests */ = {
			isa = PBXNativeTarget;
			buildConfigurationList = 2EC13829258BA13600BE1F5B /* Build configuration list for PBXNativeTarget "Tic-Tac-Toe-IOSUITests" */;
			buildPhases = (
				2EC13816258BA13600BE1F5B /* Sources */,
				2EC13817258BA13600BE1F5B /* Frameworks */,
				2EC13818258BA13600BE1F5B /* Resources */,
			);
			buildRules = (
			);
			dependencies = (
				2EC1381C258BA13600BE1F5B /* PBXTargetDependency */,
			);
			name = "Tic-Tac-Toe-IOSUITests";
			productName = "Tic-Tac-Toe-IOSUITests";
			productReference = 2EC1381A258BA13600BE1F5B /* Tic-Tac-Toe-IOSUITests.xctest */;
			productType = "com.apple.product-type.bundle.ui-testing";
		};
/* End PBXNativeTarget section */

/* Begin PBXProject section */
		2EC137F1258BA13400BE1F5B /* Project object */ = {
			isa = PBXProject;
			attributes = {
				LastSwiftUpdateCheck = 1220;
				LastUpgradeCheck = 1220;
				TargetAttributes = {
					2EC137F8258BA13400BE1F5B = {
						CreatedOnToolsVersion = 12.2;
					};
					2EC1380E258BA13600BE1F5B = {
						CreatedOnToolsVersion = 12.2;
						TestTargetID = 2EC137F8258BA13400BE1F5B;
					};
					2EC13819258BA13600BE1F5B = {
						CreatedOnToolsVersion = 12.2;
						TestTargetID = 2EC137F8258BA13400BE1F5B;
					};
				};
			};
			buildConfigurationList = 2EC137F4258BA13400BE1F5B /* Build configuration list for PBXProject "Tic-Tac-Toe-IOS" */;
			compatibilityVersion = "Xcode 9.3";
			developmentRegion = en;
			hasScannedForEncodings = 0;
			knownRegions = (
				en,
				Base,
			);
			mainGroup = 2EC137F0258BA13400BE1F5B;
			productRefGroup = 2EC137FA258BA13400BE1F5B /* Products */;
			projectDirPath = "";
			projectRoot = "";
			targets = (
				2EC137F8258BA13400BE1F5B /* Tic-Tac-Toe-IOS */,
				2EC1380E258BA13600BE1F5B /* Tic-Tac-Toe-IOSTests */,
				2EC13819258BA13600BE1F5B /* Tic-Tac-Toe-IOSUITests */,
			);
		};
/* End PBXProject section */

/* Begin PBXResourcesBuildPhase section */
		2EC137F7258BA13400BE1F5B /* Resources */ = {
			isa = PBXResourcesBuildPhase;
			buildActionMask = 2147483647;
			files = (
				2EC13809258BA13500BE1F5B /* LaunchScreen.storyboard in Resources */,
				2EC13806258BA13500BE1F5B /* Assets.xcassets in Resources */,
				2EC13804258BA13400BE1F5B /* Main.storyboard in Resources */,
			);
			runOnlyForDeploymentPostprocessing = 0;
		};
		2EC1380D258BA13600BE1F5B /* Resources */ = {
			isa = PBXResourcesBuildPhase;
			buildActionMask = 2147483647;
			files = (
			);
			runOnlyForDeploymentPostprocessing = 0;
		};
		2EC13818258BA13600BE1F5B /* Resources */ = {
			isa = PBXResourcesBuildPhase;
			buildActionMask = 2147483647;
			files = (
			);
			runOnlyForDeploymentPostprocessing = 0;
		};
/* End PBXResourcesBuildPhase section */

/* Begin PBXSourcesBuildPhase section */
		2EC137F5258BA13400BE1F5B /* Sources */ = {
			isa = PBXSourcesBuildPhase;
			buildActionMask = 2147483647;
			files = (
				2EC13838258CBB4C00BE1F5B /* GameViewControllers.swift in Sources */,
				2EC1385525A36F1900BE1F5B /* GameViewController1.swift in Sources */,
				2EC13801258BA13400BE1F5B /* ViewController.swift in Sources */,
				2EC137FD258BA13400BE1F5B /* AppDelegate.swift in Sources */,
				2EC137FF258BA13400BE1F5B /* SceneDelegate.swift in Sources */,
			);
			runOnlyForDeploymentPostprocessing = 0;
		};
		2EC1380B258BA13600BE1F5B /* Sources */ = {
			isa = PBXSourcesBuildPhase;
			buildActionMask = 2147483647;
			files = (
				2EC13814258BA13600BE1F5B /* Tic_Tac_Toe_IOSTests.swift in Sources */,
			);
			runOnlyForDeploymentPostprocessing = 0;
		};
		2EC13816258BA13600BE1F5B /* Sources */ = {
			isa = PBXSourcesBuildPhase;
			buildActionMask = 2147483647;
			files = (
				2EC1381F258BA13600BE1F5B /* Tic_Tac_Toe_IOSUITests.swift in Sources */,
			);
			runOnlyForDeploymentPostprocessing = 0;
		};
/* End PBXSourcesBuildPhase section */

/* Begin PBXTargetDependency section */
		2EC13811258BA13600BE1F5B /* PBXTargetDependency */ = {
			isa = PBXTargetDependency;
			target = 2EC137F8258BA13400BE1F5B /* Tic-Tac-Toe-IOS */;
			targetProxy = 2EC13810258BA13600BE1F5B /* PBXContainerItemProxy */;
		};
		2EC1381C258BA13600BE1F5B /* PBXTargetDependency */ = {
			isa = PBXTargetDependency;
			target = 2EC137F8258BA13400BE1F5B /* Tic-Tac-Toe-IOS */;
			targetProxy = 2EC1381B258BA13600BE1F5B /* PBXContainerItemProxy */;
		};
/* End PBXTargetDependency section */

/* Begin PBXVariantGroup section */
		2EC13802258BA13400BE1F5B /* Main.storyboard */ = {
			isa = PBXVariantGroup;
			children = (
				2EC13803258BA13400BE1F5B /* Base */,
			);
			name = Main.storyboard;
			sourceTree = "<group>";
		};
		2EC13807258BA13500BE1F5B /* LaunchScreen.storyboard */ = {
			isa = PBXVariantGroup;
			children = (
				2EC13808258BA13500BE1F5B /* Base */,
			);
			name = LaunchScreen.storyboard;
			sourceTree = "<group>";
		};
/* End PBXVariantGroup section */

/* Begin XCBuildConfiguration section */
		2EC13821258BA13600BE1F5B /* Debug */ = {
			isa = XCBuildConfiguration;
			buildSettings = {
				ALWAYS_SEARCH_USER_PATHS = NO;
				CLANG_ANALYZER_NONNULL = YES;
				CLANG_ANALYZER_NUMBER_OBJECT_CONVERSION = YES_AGGRESSIVE;
				CLANG_CXX_LANGUAGE_STANDARD = "gnu++14";
				CLANG_CXX_LIBRARY = "libc++";
				CLANG_ENABLE_MODULES = YES;
				CLANG_ENABLE_OBJC_ARC = YES;
				CLANG_ENABLE_OBJC_WEAK = YES;
				CLANG_WARN_BLOCK_CAPTURE_AUTORELEASING = YES;
				CLANG_WARN_BOOL_CONVERSION = YES;
				CLANG_WARN_COMMA = YES;
				CLANG_WARN_CONSTANT_CONVERSION = YES;
				CLANG_WARN_DEPRECATED_OBJC_IMPLEMENTATIONS = YES;
				CLANG_WARN_DIRECT_OBJC_ISA_USAGE = YES_ERROR;
				CLANG_WARN_DOCUMENTATION_COMMENTS = YES;
				CLANG_WARN_EMPTY_BODY = YES;
				CLANG_WARN_ENUM_CONVERSION = YES;
				CLANG_WARN_INFINITE_RECURSION = YES;
				CLANG_WARN_INT_CONVERSION = YES;
				CLANG_WARN_NON_LITERAL_NULL_CONVERSION = YES;
				CLANG_WARN_OBJC_IMPLICIT_RETAIN_SELF = YES;
				CLANG_WARN_OBJC_LITERAL_CONVERSION = YES;
				CLANG_WARN_OBJC_ROOT_CLASS = YES_ERROR;
				CLANG_WARN_QUOTED_INCLUDE_IN_FRAMEWORK_HEADER = YES;
				CLANG_WARN_RANGE_LOOP_ANALYSIS = YES;
				CLANG_WARN_STRICT_PROTOTYPES = YES;
				CLANG_WARN_SUSPICIOUS_MOVE = YES;
				CLANG_WARN_UNGUARDED_AVAILABILITY = YES_AGGRESSIVE;
				CLANG_WARN_UNREACHABLE_CODE = YES;
				CLANG_WARN__DUPLICATE_METHOD_MATCH = YES;
				COPY_PHASE_STRIP = NO;
				DEBUG_INFORMATION_FORMAT = dwarf;
				ENABLE_STRICT_OBJC_MSGSEND = YES;
				ENABLE_TESTABILITY = YES;
				GCC_C_LANGUAGE_STANDARD = gnu11;
				GCC_DYNAMIC_NO_PIC = NO;
				GCC_NO_COMMON_BLOCKS = YES;
				GCC_OPTIMIZATION_LEVEL = 0;
				GCC_PREPROCESSOR_DEFINITIONS = (
					"DEBUG=1",
					"$(inherited)",
				);
				GCC_WARN_64_TO_32_BIT_CONVERSION = YES;
				GCC_WARN_ABOUT_RETURN_TYPE = YES_ERROR;
				GCC_WARN_UNDECLARED_SELECTOR = YES;
				GCC_WARN_UNINITIALIZED_AUTOS = YES_AGGRESSIVE;
				GCC_WARN_UNUSED_FUNCTION = YES;
				GCC_WARN_UNUSED_VARIABLE = YES;
				IPHONEOS_DEPLOYMENT_TARGET = 14.2;
				MTL_ENABLE_DEBUG_INFO = INCLUDE_SOURCE;
				MTL_FAST_MATH = YES;
				ONLY_ACTIVE_ARCH = YES;
				SDKROOT = iphoneos;
				SWIFT_ACTIVE_COMPILATION_CONDITIONS = DEBUG;
				SWIFT_OPTIMIZATION_LEVEL = "-Onone";
			};
			name = Debug;
		};
		2EC13822258BA13600BE1F5B /* Release */ = {
			isa = XCBuildConfiguration;
			buildSettings = {
				ALWAYS_SEARCH_USER_PATHS = NO;
				CLANG_ANALYZER_NONNULL = YES;
				CLANG_ANALYZER_NUMBER_OBJECT_CONVERSION = YES_AGGRESSIVE;
				CLANG_CXX_LANGUAGE_STANDARD = "gnu++14";
				CLANG_CXX_LIBRARY = "libc++";
				CLANG_ENABLE_MODULES = YES;
				CLANG_ENABLE_OBJC_ARC = YES;
				CLANG_ENABLE_OBJC_WEAK = YES;
				CLANG_WARN_BLOCK_CAPTURE_AUTORELEASING = YES;
				CLANG_WARN_BOOL_CONVERSION = YES;
				CLANG_WARN_COMMA = YES;
				CLANG_WARN_CONSTANT_CONVERSION = YES;
				CLANG_WARN_DEPRECATED_OBJC_IMPLEMENTATIONS = YES;
				CLANG_WARN_DIRECT_OBJC_ISA_USAGE = YES_ERROR;
				CLANG_WARN_DOCUMENTATION_COMMENTS = YES;
				CLANG_WARN_EMPTY_BODY = YES;
				CLANG_WARN_ENUM_CONVERSION = YES;
				CLANG_WARN_INFINITE_RECURSION = YES;
				CLANG_WARN_INT_CONVERSION = YES;
				CLANG_WARN_NON_LITERAL_NULL_CONVERSION = YES;
				CLANG_WARN_OBJC_IMPLICIT_RETAIN_SELF = YES;
				CLANG_WARN_OBJC_LITERAL_CONVERSION = YES;
				CLANG_WARN_OBJC_ROOT_CLASS = YES_ERROR;
				CLANG_WARN_QUOTED_INCLUDE_IN_FRAMEWORK_HEADER = YES;
				CLANG_WARN_RANGE_LOOP_ANALYSIS = YES;
				CLANG_WARN_STRICT_PROTOTYPES = YES;
				CLANG_WARN_SUSPICIOUS_MOVE = YES;
				CLANG_WARN_UNGUARDED_AVAILABILITY = YES_AGGRESSIVE;
				CLANG_WARN_UNREACHABLE_CODE = YES;
				CLANG_WARN__DUPLICATE_METHOD_MATCH = YES;
				COPY_PHASE_STRIP = NO;
				DEBUG_INFORMATION_FORMAT = "dwarf-with-dsym";
				ENABLE_NS_ASSERTIONS = NO;
				ENABLE_STRICT_OBJC_MSGSEND = YES;
				GCC_C_LANGUAGE_STANDARD = gnu11;
				GCC_NO_COMMON_BLOCKS = YES;
				GCC_WARN_64_TO_32_BIT_CONVERSION = YES;
				GCC_WARN_ABOUT_RETURN_TYPE = YES_ERROR;
				GCC_WARN_UNDECLARED_SELECTOR = YES;
				GCC_WARN_UNINITIALIZED_AUTOS = YES_AGGRESSIVE;
				GCC_WARN_UNUSED_FUNCTION = YES;
				GCC_WARN_UNUSED_VARIABLE = YES;
				IPHONEOS_DEPLOYMENT_TARGET = 14.2;
				MTL_ENABLE_DEBUG_INFO = NO;
				MTL_FAST_MATH = YES;
				SDKROOT = iphoneos;
				SWIFT_COMPILATION_MODE = wholemodule;
				SWIFT_OPTIMIZATION_LEVEL = "-O";
				VALIDATE_PRODUCT = YES;
			};
			name = Release;
		};
		2EC13824258BA13600BE1F5B /* Debug */ = {
			isa = XCBuildConfiguration;
			buildSettings = {
				ASSETCATALOG_COMPILER_APPICON_NAME = AppIcon;
				ASSETCATALOG_COMPILER_GLOBAL_ACCENT_COLOR_NAME = AccentColor;
				CODE_SIGN_STYLE = Automatic;
				INFOPLIST_FILE = "Tic-Tac-Toe-IOS/Info.plist";
				LD_RUNPATH_SEARCH_PATHS = (
					"$(inherited)",
					"@executable_path/Frameworks",
				);
				PRODUCT_BUNDLE_IDENTIFIER = "Swift.Tic-Tac-Toe-IOS";
				PRODUCT_NAME = "$(TARGET_NAME)";
				SWIFT_VERSION = 5.0;
				TARGETED_DEVICE_FAMILY = "1,2";
			};
			name = Debug;
		};
		2EC13825258BA13600BE1F5B /* Release */ = {
			isa = XCBuildConfiguration;
			buildSettings = {
				ASSETCATALOG_COMPILER_APPICON_NAME = AppIcon;
				ASSETCATALOG_COMPILER_GLOBAL_ACCENT_COLOR_NAME = AccentColor;
				CODE_SIGN_STYLE = Automatic;
				INFOPLIST_FILE = "Tic-Tac-Toe-IOS/Info.plist";
				LD_RUNPATH_SEARCH_PATHS = (
					"$(inherited)",
					"@executable_path/Frameworks",
				);
				PRODUCT_BUNDLE_IDENTIFIER = "Swift.Tic-Tac-Toe-IOS";
				PRODUCT_NAME = "$(TARGET_NAME)";
				SWIFT_VERSION = 5.0;
				TARGETED_DEVICE_FAMILY = "1,2";
			};
			name = Release;
		};
		2EC13827258BA13600BE1F5B /* Debug */ = {
			isa = XCBuildConfiguration;
			buildSettings = {
				ALWAYS_EMBED_SWIFT_STANDARD_LIBRARIES = YES;
				BUNDLE_LOADER = "$(TEST_HOST)";
				CODE_SIGN_STYLE = Automatic;
				INFOPLIST_FILE = "Tic-Tac-Toe-IOSTests/Info.plist";
				IPHONEOS_DEPLOYMENT_TARGET = 14.2;
				LD_RUNPATH_SEARCH_PATHS = (
					"$(inherited)",
					"@executable_path/Frameworks",
					"@loader_path/Frameworks",
				);
				PRODUCT_BUNDLE_IDENTIFIER = "Swift.Tic-Tac-Toe-IOSTests";
				PRODUCT_NAME = "$(TARGET_NAME)";
				SWIFT_VERSION = 5.0;
				TARGETED_DEVICE_FAMILY = "1,2";
				TEST_HOST = "$(BUILT_PRODUCTS_DIR)/Tic-Tac-Toe-IOS.app/Tic-Tac-Toe-IOS";
			};
			name = Debug;
		};
		2EC13828258BA13600BE1F5B /* Release */ = {
			isa = XCBuildConfiguration;
			buildSettings = {
				ALWAYS_EMBED_SWIFT_STANDARD_LIBRARIES = YES;
				BUNDLE_LOADER = "$(TEST_HOST)";
				CODE_SIGN_STYLE = Automatic;
				INFOPLIST_FILE = "Tic-Tac-Toe-IOSTests/Info.plist";
				IPHONEOS_DEPLOYMENT_TARGET = 14.2;
				LD_RUNPATH_SEARCH_PATHS = (
					"$(inherited)",
					"@executable_path/Frameworks",
					"@loader_path/Frameworks",
				);
				PRODUCT_BUNDLE_IDENTIFIER = "Swift.Tic-Tac-Toe-IOSTests";
				PRODUCT_NAME = "$(TARGET_NAME)";
				SWIFT_VERSION = 5.0;
				TARGETED_DEVICE_FAMILY = "1,2";
				TEST_HOST = "$(BUILT_PRODUCTS_DIR)/Tic-Tac-Toe-IOS.app/Tic-Tac-Toe-IOS";
			};
			name = Release;
		};
		2EC1382A258BA13600BE1F5B /* Debug */ = {
			isa = XCBuildConfiguration;
			buildSettings = {
				ALWAYS_EMBED_SWIFT_STANDARD_LIBRARIES = YES;
				CODE_SIGN_STYLE = Automatic;
				INFOPLIST_FILE = "Tic-Tac-Toe-IOSUITests/Info.plist";
				LD_RUNPATH_SEARCH_PATHS = (
					"$(inherited)",
					"@executable_path/Frameworks",
					"@loader_path/Frameworks",
				);
				PRODUCT_BUNDLE_IDENTIFIER = "Swift.Tic-Tac-Toe-IOSUITests";
				PRODUCT_NAME = "$(TARGET_NAME)";
				SWIFT_VERSION = 5.0;
				TARGETED_DEVICE_FAMILY = "1,2";
				TEST_TARGET_NAME = "Tic-Tac-Toe-IOS";
			};
			name = Debug;
		};
		2EC1382B258BA13600BE1F5B /* Release */ = {
			isa = XCBuildConfiguration;
			buildSettings = {
				ALWAYS_EMBED_SWIFT_STANDARD_LIBRARIES = YES;
				CODE_SIGN_STYLE = Automatic;
				INFOPLIST_FILE = "Tic-Tac-Toe-IOSUITests/Info.plist";
				LD_RUNPATH_SEARCH_PATHS = (
					"$(inherited)",
					"@executable_path/Frameworks",
					"@loader_path/Frameworks",
				);
				PRODUCT_BUNDLE_IDENTIFIER = "Swift.Tic-Tac-Toe-IOSUITests";
				PRODUCT_NAME = "$(TARGET_NAME)";
				SWIFT_VERSION = 5.0;
				TARGETED_DEVICE_FAMILY = "1,2";
				TEST_TARGET_NAME = "Tic-Tac-Toe-IOS";
			};
			name = Release;
		};
/* End XCBuildConfiguration section */

/* Begin XCConfigurationList section */
		2EC137F4258BA13400BE1F5B /* Build configuration list for PBXProject "Tic-Tac-Toe-IOS" */ = {
			isa = XCConfigurationList;
			buildConfigurations = (
				2EC13821258BA13600BE1F5B /* Debug */,
				2EC13822258BA13600BE1F5B /* Release */,
			);
			defaultConfigurationIsVisible = 0;
			defaultConfigurationName = Release;
		};
		2EC13823258BA13600BE1F5B /* Build configuration list for PBXNativeTarget "Tic-Tac-Toe-IOS" */ = {
			isa = XCConfigurationList;
			buildConfigurations = (
				2EC13824258BA13600BE1F5B /* Debug */,
				2EC13825258BA13600BE1F5B /* Release */,
			);
			defaultConfigurationIsVisible = 0;
			defaultConfigurationName = Release;
		};
		2EC13826258BA13600BE1F5B /* Build configuration list for PBXNativeTarget "Tic-Tac-Toe-IOSTests" */ = {
			isa = XCConfigurationList;
			buildConfigurations = (
				2EC13827258BA13600BE1F5B /* Debug */,
				2EC13828258BA13600BE1F5B /* Release */,
			);
			defaultConfigurationIsVisible = 0;
			defaultConfigurationName = Release;
		};
		2EC13829258BA13600BE1F5B /* Build configuration list for PBXNativeTarget "Tic-Tac-Toe-IOSUITests" */ = {
			isa = XCConfigurationList;
			buildConfigurations = (
				2EC1382A258BA13600BE1F5B /* Debug */,
				2EC1382B258BA13600BE1F5B /* Release */,
			);
			defaultConfigurationIsVisible = 0;
			defaultConfigurationName = Release;
		};
/* End XCConfigurationList section */
	};
	rootObject = 2EC137F1258BA13400BE1F5B /* Project object */;
}
